
Microsoft Visual Studio Solution File, Format Version 12.00
# Visual Studio Version 16
VisualStudioVersion = 16.0.32228.343
MinimumVisualStudioVersion = 10.0.40219.1
Project("{FAE04EC0-301F-11D3-BF4B-00C04F79EFBC}") = "Covem_web", "Covem_web\Covem_web.csproj", "{7DE06BC2-6BA2-4549-8961-D0A291DE1D6E}"
EndProject
Global
	GlobalSection(SolutionConfigurationPlatforms) = preSolution
		Debug|Any CPU = Debug|Any CPU
		Release|Any CPU = Release|Any CPU
	EndGlobalSection
	GlobalSection(ProjectConfigurationPlatforms) = postSolution
		{7DE06BC2-6BA2-4549-8961-D0A291DE1D6E}.Debug|Any CPU.ActiveCfg = Debug|Any CPU
		{7DE06BC2-6BA2-4549-8961-D0A291DE1D6E}.Debug|Any CPU.Build.0 = Debug|Any CPU
		{7DE06BC2-6BA2-4549-8961-D0A291DE1D6E}.Release|Any CPU.ActiveCfg = Release|Any CPU
		{7DE06BC2-6BA2-4549-8961-D0A291DE1D6E}.Release|Any CPU.Build.0 = Release|Any CPU
	EndGlobalSection
	GlobalSection(SolutionProperties) = preSolution
		HideSolutionNode = FALSE
	EndGlobalSection
	GlobalSection(ExtensibilityGlobals) = postSolution
		SolutionGuid = {E20AE12A-F30A-4B18-A55D-E16269737346}
	EndGlobalSection
EndGlobal
